
Microsoft Visual Studio Solution File, Format Version 12.00
# Visual Studio 2012
Project("{FAE04EC0-301F-11D3-BF4B-00C04F79EFBC}") = "GmailSMTPClass", "GmailSMTPClass\GmailSMTPClass.csproj", "{32022415-0A4D-4679-860C-434EE24EA271}"
EndProject
Project("{FAE04EC0-301F-11D3-BF4B-00C04F79EFBC}") = "GMailSMTPInterface", "GMailSMTPInterface\GMailSMTPInterface.csproj", "{AB975993-6BEB-4A80-88D4-9923FB1FD24F}"
EndProject
Global
	GlobalSection(SolutionConfigurationPlatforms) = preSolution
		Debug|Any CPU = Debug|Any CPU
		Release|Any CPU = Release|Any CPU
	EndGlobalSection
	GlobalSection(ProjectConfigurationPlatforms) = postSolution
		{32022415-0A4D-4679-860C-434EE24EA271}.Debug|Any CPU.ActiveCfg = Debug|Any CPU
		{32022415-0A4D-4679-860C-434EE24EA271}.Debug|Any CPU.Build.0 = Debug|Any CPU
		{32022415-0A4D-4679-860C-434EE24EA271}.Release|Any CPU.ActiveCfg = Release|Any CPU
		{32022415-0A4D-4679-860C-434EE24EA271}.Release|Any CPU.Build.0 = Release|Any CPU
		{AB975993-6BEB-4A80-88D4-9923FB1FD24F}.Debug|Any CPU.ActiveCfg = Debug|Any CPU
		{AB975993-6BEB-4A80-88D4-9923FB1FD24F}.Debug|Any CPU.Build.0 = Debug|Any CPU
		{AB975993-6BEB-4A80-88D4-9923FB1FD24F}.Release|Any CPU.ActiveCfg = Release|Any CPU
		{AB975993-6BEB-4A80-88D4-9923FB1FD24F}.Release|Any CPU.Build.0 = Release|Any CPU
	EndGlobalSection
	GlobalSection(SolutionProperties) = preSolution
		HideSolutionNode = FALSE
	EndGlobalSection
EndGlobal
